
Microsoft Visual Studio Solution File, Format Version 12.00
# Visual Studio 15
VisualStudioVersion = 15.0.28307.421
MinimumVisualStudioVersion = 10.0.40219.1
Project("{FAE04EC0-301F-11D3-BF4B-00C04F79EFBC}") = "R01_exercicio02_hipotenusa", "R01_exercicio02_hipotenusa\R01_exercicio02_hipotenusa.csproj", "{C5B473A7-C1F4-4AA5-B6AD-A9EF9F6FDCF8}"
EndProject
Global
	GlobalSection(SolutionConfigurationPlatforms) = preSolution
		Debug|Any CPU = Debug|Any CPU
		Release|Any CPU = Release|Any CPU
	EndGlobalSection
	GlobalSection(ProjectConfigurationPlatforms) = postSolution
		{C5B473A7-C1F4-4AA5-B6AD-A9EF9F6FDCF8}.Debug|Any CPU.ActiveCfg = Debug|Any CPU
		{C5B473A7-C1F4-4AA5-B6AD-A9EF9F6FDCF8}.Debug|Any CPU.Build.0 = Debug|Any CPU
		{C5B473A7-C1F4-4AA5-B6AD-A9EF9F6FDCF8}.Release|Any CPU.ActiveCfg = Release|Any CPU
		{C5B473A7-C1F4-4AA5-B6AD-A9EF9F6FDCF8}.Release|Any CPU.Build.0 = Release|Any CPU
	EndGlobalSection
	GlobalSection(SolutionProperties) = preSolution
		HideSolutionNode = FALSE
	EndGlobalSection
	GlobalSection(ExtensibilityGlobals) = postSolution
		SolutionGuid = {8F5CDE5B-7202-4F91-B853-3FDEB2C93CF7}
	EndGlobalSection
EndGlobal
