
Microsoft Visual Studio Solution File, Format Version 12.00
# Visual Studio 15
VisualStudioVersion = 15.0.28307.779
MinimumVisualStudioVersion = 10.0.40219.1
Project("{FAE04EC0-301F-11D3-BF4B-00C04F79EFBC}") = "Exercicio05", "Exercicio05\Exercicio05.csproj", "{46749ADA-4A8C-405B-B2D6-2422BF526CBD}"
EndProject
Global
	GlobalSection(SolutionConfigurationPlatforms) = preSolution
		Debug|Any CPU = Debug|Any CPU
		Release|Any CPU = Release|Any CPU
	EndGlobalSection
	GlobalSection(ProjectConfigurationPlatforms) = postSolution
		{46749ADA-4A8C-405B-B2D6-2422BF526CBD}.Debug|Any CPU.ActiveCfg = Debug|Any CPU
		{46749ADA-4A8C-405B-B2D6-2422BF526CBD}.Debug|Any CPU.Build.0 = Debug|Any CPU
		{46749ADA-4A8C-405B-B2D6-2422BF526CBD}.Release|Any CPU.ActiveCfg = Release|Any CPU
		{46749ADA-4A8C-405B-B2D6-2422BF526CBD}.Release|Any CPU.Build.0 = Release|Any CPU
	EndGlobalSection
	GlobalSection(SolutionProperties) = preSolution
		HideSolutionNode = FALSE
	EndGlobalSection
	GlobalSection(ExtensibilityGlobals) = postSolution
		SolutionGuid = {E633997E-4729-4703-84B5-7848E1EB0D75}
	EndGlobalSection
EndGlobal
