
Microsoft Visual Studio Solution File, Format Version 12.00
# Visual Studio 15
VisualStudioVersion = 15.0.28307.572
MinimumVisualStudioVersion = 10.0.40219.1
Project("{FAE04EC0-301F-11D3-BF4B-00C04F79EFBC}") = "Vetor02", "Vetor02\Vetor02.csproj", "{69EF4060-F752-4A28-9205-B6ABEB68E237}"
EndProject
Global
	GlobalSection(SolutionConfigurationPlatforms) = preSolution
		Debug|Any CPU = Debug|Any CPU
		Release|Any CPU = Release|Any CPU
	EndGlobalSection
	GlobalSection(ProjectConfigurationPlatforms) = postSolution
		{69EF4060-F752-4A28-9205-B6ABEB68E237}.Debug|Any CPU.ActiveCfg = Debug|Any CPU
		{69EF4060-F752-4A28-9205-B6ABEB68E237}.Debug|Any CPU.Build.0 = Debug|Any CPU
		{69EF4060-F752-4A28-9205-B6ABEB68E237}.Release|Any CPU.ActiveCfg = Release|Any CPU
		{69EF4060-F752-4A28-9205-B6ABEB68E237}.Release|Any CPU.Build.0 = Release|Any CPU
	EndGlobalSection
	GlobalSection(SolutionProperties) = preSolution
		HideSolutionNode = FALSE
	EndGlobalSection
	GlobalSection(ExtensibilityGlobals) = postSolution
		SolutionGuid = {0D2442A1-EA6A-416A-831D-535B2211E814}
	EndGlobalSection
EndGlobal
