
Microsoft Visual Studio Solution File, Format Version 12.00
# Visual Studio 15
VisualStudioVersion = 15.0.28307.329
MinimumVisualStudioVersion = 10.0.40219.1
Project("{FAE04EC0-301F-11D3-BF4B-00C04F79EFBC}") = "Exemplo3", "Exemplo3\Exemplo3.csproj", "{782CDF62-F3B3-4217-B180-10450CF88318}"
EndProject
Global
	GlobalSection(SolutionConfigurationPlatforms) = preSolution
		Debug|Any CPU = Debug|Any CPU
		Release|Any CPU = Release|Any CPU
	EndGlobalSection
	GlobalSection(ProjectConfigurationPlatforms) = postSolution
		{782CDF62-F3B3-4217-B180-10450CF88318}.Debug|Any CPU.ActiveCfg = Debug|Any CPU
		{782CDF62-F3B3-4217-B180-10450CF88318}.Debug|Any CPU.Build.0 = Debug|Any CPU
		{782CDF62-F3B3-4217-B180-10450CF88318}.Release|Any CPU.ActiveCfg = Release|Any CPU
		{782CDF62-F3B3-4217-B180-10450CF88318}.Release|Any CPU.Build.0 = Release|Any CPU
	EndGlobalSection
	GlobalSection(SolutionProperties) = preSolution
		HideSolutionNode = FALSE
	EndGlobalSection
	GlobalSection(ExtensibilityGlobals) = postSolution
		SolutionGuid = {1BFFF988-4E51-4A33-A251-70DEACE85797}
	EndGlobalSection
EndGlobal
