
Microsoft Visual Studio Solution File, Format Version 12.00
# Visual Studio 15
VisualStudioVersion = 15.0.28307.572
MinimumVisualStudioVersion = 10.0.40219.1
Project("{FAE04EC0-301F-11D3-BF4B-00C04F79EFBC}") = "Clinica", "Clinica\Clinica.csproj", "{35110BC4-B8BC-48F0-99D1-FA1668E1855D}"
EndProject
Global
	GlobalSection(SolutionConfigurationPlatforms) = preSolution
		Debug|Any CPU = Debug|Any CPU
		Release|Any CPU = Release|Any CPU
	EndGlobalSection
	GlobalSection(ProjectConfigurationPlatforms) = postSolution
		{35110BC4-B8BC-48F0-99D1-FA1668E1855D}.Debug|Any CPU.ActiveCfg = Debug|Any CPU
		{35110BC4-B8BC-48F0-99D1-FA1668E1855D}.Debug|Any CPU.Build.0 = Debug|Any CPU
		{35110BC4-B8BC-48F0-99D1-FA1668E1855D}.Release|Any CPU.ActiveCfg = Release|Any CPU
		{35110BC4-B8BC-48F0-99D1-FA1668E1855D}.Release|Any CPU.Build.0 = Release|Any CPU
	EndGlobalSection
	GlobalSection(SolutionProperties) = preSolution
		HideSolutionNode = FALSE
	EndGlobalSection
	GlobalSection(ExtensibilityGlobals) = postSolution
		SolutionGuid = {972CC604-E474-48AF-88A1-17E067F5DAF2}
	EndGlobalSection
EndGlobal
