
Microsoft Visual Studio Solution File, Format Version 12.00
# Visual Studio 15
VisualStudioVersion = 15.0.28307.421
MinimumVisualStudioVersion = 10.0.40219.1
Project("{FAE04EC0-301F-11D3-BF4B-00C04F79EFBC}") = "R06_06", "R06_06\R06_06.csproj", "{F1C520FA-2F57-42D5-86C7-16727A332B00}"
EndProject
Global
	GlobalSection(SolutionConfigurationPlatforms) = preSolution
		Debug|Any CPU = Debug|Any CPU
		Release|Any CPU = Release|Any CPU
	EndGlobalSection
	GlobalSection(ProjectConfigurationPlatforms) = postSolution
		{F1C520FA-2F57-42D5-86C7-16727A332B00}.Debug|Any CPU.ActiveCfg = Debug|Any CPU
		{F1C520FA-2F57-42D5-86C7-16727A332B00}.Debug|Any CPU.Build.0 = Debug|Any CPU
		{F1C520FA-2F57-42D5-86C7-16727A332B00}.Release|Any CPU.ActiveCfg = Release|Any CPU
		{F1C520FA-2F57-42D5-86C7-16727A332B00}.Release|Any CPU.Build.0 = Release|Any CPU
	EndGlobalSection
	GlobalSection(SolutionProperties) = preSolution
		HideSolutionNode = FALSE
	EndGlobalSection
	GlobalSection(ExtensibilityGlobals) = postSolution
		SolutionGuid = {3574825C-1C59-4150-8569-E22F45AD2BD9}
	EndGlobalSection
EndGlobal
