
Microsoft Visual Studio Solution File, Format Version 12.00
# Visual Studio 15
VisualStudioVersion = 15.0.28307.421
MinimumVisualStudioVersion = 10.0.40219.1
Project("{FAE04EC0-301F-11D3-BF4B-00C04F79EFBC}") = "R04_04", "R04_04\R04_04.csproj", "{98DEB4D2-F982-430A-AB61-F5714CE180B8}"
EndProject
Global
	GlobalSection(SolutionConfigurationPlatforms) = preSolution
		Debug|Any CPU = Debug|Any CPU
		Release|Any CPU = Release|Any CPU
	EndGlobalSection
	GlobalSection(ProjectConfigurationPlatforms) = postSolution
		{98DEB4D2-F982-430A-AB61-F5714CE180B8}.Debug|Any CPU.ActiveCfg = Debug|Any CPU
		{98DEB4D2-F982-430A-AB61-F5714CE180B8}.Debug|Any CPU.Build.0 = Debug|Any CPU
		{98DEB4D2-F982-430A-AB61-F5714CE180B8}.Release|Any CPU.ActiveCfg = Release|Any CPU
		{98DEB4D2-F982-430A-AB61-F5714CE180B8}.Release|Any CPU.Build.0 = Release|Any CPU
	EndGlobalSection
	GlobalSection(SolutionProperties) = preSolution
		HideSolutionNode = FALSE
	EndGlobalSection
	GlobalSection(ExtensibilityGlobals) = postSolution
		SolutionGuid = {0AD426C9-94A4-4F3C-850F-40809D761C44}
	EndGlobalSection
EndGlobal
