
Microsoft Visual Studio Solution File, Format Version 12.00
# Visual Studio 15
VisualStudioVersion = 15.0.28307.421
MinimumVisualStudioVersion = 10.0.40219.1
Project("{FAE04EC0-301F-11D3-BF4B-00C04F79EFBC}") = "Exercicio04", "Exercicio04\Exercicio04.csproj", "{12333CF7-6EA4-45CA-A712-E121C4A7D4C4}"
EndProject
Global
	GlobalSection(SolutionConfigurationPlatforms) = preSolution
		Debug|Any CPU = Debug|Any CPU
		Release|Any CPU = Release|Any CPU
	EndGlobalSection
	GlobalSection(ProjectConfigurationPlatforms) = postSolution
		{12333CF7-6EA4-45CA-A712-E121C4A7D4C4}.Debug|Any CPU.ActiveCfg = Debug|Any CPU
		{12333CF7-6EA4-45CA-A712-E121C4A7D4C4}.Debug|Any CPU.Build.0 = Debug|Any CPU
		{12333CF7-6EA4-45CA-A712-E121C4A7D4C4}.Release|Any CPU.ActiveCfg = Release|Any CPU
		{12333CF7-6EA4-45CA-A712-E121C4A7D4C4}.Release|Any CPU.Build.0 = Release|Any CPU
	EndGlobalSection
	GlobalSection(SolutionProperties) = preSolution
		HideSolutionNode = FALSE
	EndGlobalSection
	GlobalSection(ExtensibilityGlobals) = postSolution
		SolutionGuid = {5B14A247-8006-4055-B4F2-9BB87A9F82D1}
	EndGlobalSection
EndGlobal
