
Microsoft Visual Studio Solution File, Format Version 12.00
# Visual Studio 15
VisualStudioVersion = 15.0.28307.329
MinimumVisualStudioVersion = 10.0.40219.1
Project("{FAE04EC0-301F-11D3-BF4B-00C04F79EFBC}") = "R06_04", "R06_04\R06_04.csproj", "{B19AD4F0-585C-4EC5-AA03-21551B9904E0}"
EndProject
Global
	GlobalSection(SolutionConfigurationPlatforms) = preSolution
		Debug|Any CPU = Debug|Any CPU
		Release|Any CPU = Release|Any CPU
	EndGlobalSection
	GlobalSection(ProjectConfigurationPlatforms) = postSolution
		{B19AD4F0-585C-4EC5-AA03-21551B9904E0}.Debug|Any CPU.ActiveCfg = Debug|Any CPU
		{B19AD4F0-585C-4EC5-AA03-21551B9904E0}.Debug|Any CPU.Build.0 = Debug|Any CPU
		{B19AD4F0-585C-4EC5-AA03-21551B9904E0}.Release|Any CPU.ActiveCfg = Release|Any CPU
		{B19AD4F0-585C-4EC5-AA03-21551B9904E0}.Release|Any CPU.Build.0 = Release|Any CPU
	EndGlobalSection
	GlobalSection(SolutionProperties) = preSolution
		HideSolutionNode = FALSE
	EndGlobalSection
	GlobalSection(ExtensibilityGlobals) = postSolution
		SolutionGuid = {7CAED03C-7CC1-42F0-873C-C7666FC3682A}
	EndGlobalSection
EndGlobal
