
Microsoft Visual Studio Solution File, Format Version 12.00
# Visual Studio 15
VisualStudioVersion = 15.0.28307.421
MinimumVisualStudioVersion = 10.0.40219.1
Project("{FAE04EC0-301F-11D3-BF4B-00C04F79EFBC}") = "lista13", "lista13\lista13.csproj", "{AAE7EB3C-47F0-4E6D-A3DE-E62E268340DD}"
EndProject
Global
	GlobalSection(SolutionConfigurationPlatforms) = preSolution
		Debug|Any CPU = Debug|Any CPU
		Release|Any CPU = Release|Any CPU
	EndGlobalSection
	GlobalSection(ProjectConfigurationPlatforms) = postSolution
		{AAE7EB3C-47F0-4E6D-A3DE-E62E268340DD}.Debug|Any CPU.ActiveCfg = Debug|Any CPU
		{AAE7EB3C-47F0-4E6D-A3DE-E62E268340DD}.Debug|Any CPU.Build.0 = Debug|Any CPU
		{AAE7EB3C-47F0-4E6D-A3DE-E62E268340DD}.Release|Any CPU.ActiveCfg = Release|Any CPU
		{AAE7EB3C-47F0-4E6D-A3DE-E62E268340DD}.Release|Any CPU.Build.0 = Release|Any CPU
	EndGlobalSection
	GlobalSection(SolutionProperties) = preSolution
		HideSolutionNode = FALSE
	EndGlobalSection
	GlobalSection(ExtensibilityGlobals) = postSolution
		SolutionGuid = {FCFB335C-3A3B-468B-9D83-99CE79B0CB83}
	EndGlobalSection
EndGlobal
