
Microsoft Visual Studio Solution File, Format Version 12.00
# Visual Studio 15
VisualStudioVersion = 15.0.28307.421
MinimumVisualStudioVersion = 10.0.40219.1
Project("{FAE04EC0-301F-11D3-BF4B-00C04F79EFBC}") = "R04_01", "R04_01\R04_01.csproj", "{96FF598D-ED0E-43DF-8446-C150C735ABAD}"
EndProject
Global
	GlobalSection(SolutionConfigurationPlatforms) = preSolution
		Debug|Any CPU = Debug|Any CPU
		Release|Any CPU = Release|Any CPU
	EndGlobalSection
	GlobalSection(ProjectConfigurationPlatforms) = postSolution
		{96FF598D-ED0E-43DF-8446-C150C735ABAD}.Debug|Any CPU.ActiveCfg = Debug|Any CPU
		{96FF598D-ED0E-43DF-8446-C150C735ABAD}.Debug|Any CPU.Build.0 = Debug|Any CPU
		{96FF598D-ED0E-43DF-8446-C150C735ABAD}.Release|Any CPU.ActiveCfg = Release|Any CPU
		{96FF598D-ED0E-43DF-8446-C150C735ABAD}.Release|Any CPU.Build.0 = Release|Any CPU
	EndGlobalSection
	GlobalSection(SolutionProperties) = preSolution
		HideSolutionNode = FALSE
	EndGlobalSection
	GlobalSection(ExtensibilityGlobals) = postSolution
		SolutionGuid = {4769173D-869B-4D8C-B0B4-9A6A4729CE57}
	EndGlobalSection
EndGlobal
