
Microsoft Visual Studio Solution File, Format Version 12.00
# Visual Studio 15
VisualStudioVersion = 15.0.28307.329
MinimumVisualStudioVersion = 10.0.40219.1
Project("{FAE04EC0-301F-11D3-BF4B-00C04F79EFBC}") = "R06_02", "R06_02\R06_02.csproj", "{4169C968-3CC2-4BC7-B664-B1A708C674C4}"
EndProject
Global
	GlobalSection(SolutionConfigurationPlatforms) = preSolution
		Debug|Any CPU = Debug|Any CPU
		Release|Any CPU = Release|Any CPU
	EndGlobalSection
	GlobalSection(ProjectConfigurationPlatforms) = postSolution
		{4169C968-3CC2-4BC7-B664-B1A708C674C4}.Debug|Any CPU.ActiveCfg = Debug|Any CPU
		{4169C968-3CC2-4BC7-B664-B1A708C674C4}.Debug|Any CPU.Build.0 = Debug|Any CPU
		{4169C968-3CC2-4BC7-B664-B1A708C674C4}.Release|Any CPU.ActiveCfg = Release|Any CPU
		{4169C968-3CC2-4BC7-B664-B1A708C674C4}.Release|Any CPU.Build.0 = Release|Any CPU
	EndGlobalSection
	GlobalSection(SolutionProperties) = preSolution
		HideSolutionNode = FALSE
	EndGlobalSection
	GlobalSection(ExtensibilityGlobals) = postSolution
		SolutionGuid = {76122A52-1A54-49E4-8F01-32ACA41F9D6C}
	EndGlobalSection
EndGlobal
