
Microsoft Visual Studio Solution File, Format Version 12.00
# Visual Studio 15
VisualStudioVersion = 15.0.28307.421
MinimumVisualStudioVersion = 10.0.40219.1
Project("{FAE04EC0-301F-11D3-BF4B-00C04F79EFBC}") = "PesquisaSequencialBinaria", "PesquisaSequencialBinaria\PesquisaSequencialBinaria.csproj", "{16015985-D6E6-47B7-AFE7-0B3F16496DA2}"
EndProject
Global
	GlobalSection(SolutionConfigurationPlatforms) = preSolution
		Debug|Any CPU = Debug|Any CPU
		Release|Any CPU = Release|Any CPU
	EndGlobalSection
	GlobalSection(ProjectConfigurationPlatforms) = postSolution
		{16015985-D6E6-47B7-AFE7-0B3F16496DA2}.Debug|Any CPU.ActiveCfg = Debug|Any CPU
		{16015985-D6E6-47B7-AFE7-0B3F16496DA2}.Debug|Any CPU.Build.0 = Debug|Any CPU
		{16015985-D6E6-47B7-AFE7-0B3F16496DA2}.Release|Any CPU.ActiveCfg = Release|Any CPU
		{16015985-D6E6-47B7-AFE7-0B3F16496DA2}.Release|Any CPU.Build.0 = Release|Any CPU
	EndGlobalSection
	GlobalSection(SolutionProperties) = preSolution
		HideSolutionNode = FALSE
	EndGlobalSection
	GlobalSection(ExtensibilityGlobals) = postSolution
		SolutionGuid = {13B2FDF8-B5FF-406F-969C-91080C2120CC}
	EndGlobalSection
EndGlobal
