
Microsoft Visual Studio Solution File, Format Version 12.00
# Visual Studio 15
VisualStudioVersion = 15.0.28307.421
MinimumVisualStudioVersion = 10.0.40219.1
Project("{FAE04EC0-301F-11D3-BF4B-00C04F79EFBC}") = "R01_exercicio9_area", "R01_exercicio9_area\R01_exercicio9_area.csproj", "{6A0E7902-A379-4DAD-8D15-AA2D9B72DA2C}"
EndProject
Global
	GlobalSection(SolutionConfigurationPlatforms) = preSolution
		Debug|Any CPU = Debug|Any CPU
		Release|Any CPU = Release|Any CPU
	EndGlobalSection
	GlobalSection(ProjectConfigurationPlatforms) = postSolution
		{6A0E7902-A379-4DAD-8D15-AA2D9B72DA2C}.Debug|Any CPU.ActiveCfg = Debug|Any CPU
		{6A0E7902-A379-4DAD-8D15-AA2D9B72DA2C}.Debug|Any CPU.Build.0 = Debug|Any CPU
		{6A0E7902-A379-4DAD-8D15-AA2D9B72DA2C}.Release|Any CPU.ActiveCfg = Release|Any CPU
		{6A0E7902-A379-4DAD-8D15-AA2D9B72DA2C}.Release|Any CPU.Build.0 = Release|Any CPU
	EndGlobalSection
	GlobalSection(SolutionProperties) = preSolution
		HideSolutionNode = FALSE
	EndGlobalSection
	GlobalSection(ExtensibilityGlobals) = postSolution
		SolutionGuid = {E5220D88-22B3-44EF-9E63-5DFE7B9482C5}
	EndGlobalSection
EndGlobal
