
Microsoft Visual Studio Solution File, Format Version 12.00
# Visual Studio 15
VisualStudioVersion = 15.0.28307.779
MinimumVisualStudioVersion = 10.0.40219.1
Project("{FAE04EC0-301F-11D3-BF4B-00C04F79EFBC}") = "matrizLibrary", "matrizLibrary\matrizLibrary.csproj", "{41BABF1D-5256-4DEE-825A-5E98D5D31201}"
EndProject
Global
	GlobalSection(SolutionConfigurationPlatforms) = preSolution
		Debug|Any CPU = Debug|Any CPU
		Release|Any CPU = Release|Any CPU
	EndGlobalSection
	GlobalSection(ProjectConfigurationPlatforms) = postSolution
		{41BABF1D-5256-4DEE-825A-5E98D5D31201}.Debug|Any CPU.ActiveCfg = Debug|Any CPU
		{41BABF1D-5256-4DEE-825A-5E98D5D31201}.Debug|Any CPU.Build.0 = Debug|Any CPU
		{41BABF1D-5256-4DEE-825A-5E98D5D31201}.Release|Any CPU.ActiveCfg = Release|Any CPU
		{41BABF1D-5256-4DEE-825A-5E98D5D31201}.Release|Any CPU.Build.0 = Release|Any CPU
	EndGlobalSection
	GlobalSection(SolutionProperties) = preSolution
		HideSolutionNode = FALSE
	EndGlobalSection
	GlobalSection(ExtensibilityGlobals) = postSolution
		SolutionGuid = {5754A04F-2EF2-4816-BF1F-D76F874B801E}
	EndGlobalSection
EndGlobal
