
Microsoft Visual Studio Solution File, Format Version 12.00
# Visual Studio 15
VisualStudioVersion = 15.0.28307.329
MinimumVisualStudioVersion = 10.0.40219.1
Project("{FAE04EC0-301F-11D3-BF4B-00C04F79EFBC}") = "R02_exercicio4", "R02_exercicio4\R02_exercicio4.csproj", "{3ABF7448-22C5-4F69-8C6B-5866EC5064BB}"
EndProject
Global
	GlobalSection(SolutionConfigurationPlatforms) = preSolution
		Debug|Any CPU = Debug|Any CPU
		Release|Any CPU = Release|Any CPU
	EndGlobalSection
	GlobalSection(ProjectConfigurationPlatforms) = postSolution
		{3ABF7448-22C5-4F69-8C6B-5866EC5064BB}.Debug|Any CPU.ActiveCfg = Debug|Any CPU
		{3ABF7448-22C5-4F69-8C6B-5866EC5064BB}.Debug|Any CPU.Build.0 = Debug|Any CPU
		{3ABF7448-22C5-4F69-8C6B-5866EC5064BB}.Release|Any CPU.ActiveCfg = Release|Any CPU
		{3ABF7448-22C5-4F69-8C6B-5866EC5064BB}.Release|Any CPU.Build.0 = Release|Any CPU
	EndGlobalSection
	GlobalSection(SolutionProperties) = preSolution
		HideSolutionNode = FALSE
	EndGlobalSection
	GlobalSection(ExtensibilityGlobals) = postSolution
		SolutionGuid = {51E872F6-2386-43E0-8679-FB2FD224AD3C}
	EndGlobalSection
EndGlobal
