
Microsoft Visual Studio Solution File, Format Version 12.00
# Visual Studio 15
VisualStudioVersion = 15.0.28307.572
MinimumVisualStudioVersion = 10.0.40219.1
Project("{FAE04EC0-301F-11D3-BF4B-00C04F79EFBC}") = "R07_06", "R07_06\R07_06.csproj", "{F5710648-A2B5-42D1-84B0-C692D3601568}"
EndProject
Global
	GlobalSection(SolutionConfigurationPlatforms) = preSolution
		Debug|Any CPU = Debug|Any CPU
		Release|Any CPU = Release|Any CPU
	EndGlobalSection
	GlobalSection(ProjectConfigurationPlatforms) = postSolution
		{F5710648-A2B5-42D1-84B0-C692D3601568}.Debug|Any CPU.ActiveCfg = Debug|Any CPU
		{F5710648-A2B5-42D1-84B0-C692D3601568}.Debug|Any CPU.Build.0 = Debug|Any CPU
		{F5710648-A2B5-42D1-84B0-C692D3601568}.Release|Any CPU.ActiveCfg = Release|Any CPU
		{F5710648-A2B5-42D1-84B0-C692D3601568}.Release|Any CPU.Build.0 = Release|Any CPU
	EndGlobalSection
	GlobalSection(SolutionProperties) = preSolution
		HideSolutionNode = FALSE
	EndGlobalSection
	GlobalSection(ExtensibilityGlobals) = postSolution
		SolutionGuid = {DB2529B1-ACEA-4F5F-8CCC-8A1311159F39}
	EndGlobalSection
EndGlobal
