
Microsoft Visual Studio Solution File, Format Version 12.00
# Visual Studio 15
VisualStudioVersion = 15.0.28307.572
MinimumVisualStudioVersion = 10.0.40219.1
Project("{FAE04EC0-301F-11D3-BF4B-00C04F79EFBC}") = "matriz1", "matriz1\matriz1.csproj", "{BC0F1C6D-31B2-4300-9BD9-2F4ED1E7B3DB}"
EndProject
Global
	GlobalSection(SolutionConfigurationPlatforms) = preSolution
		Debug|Any CPU = Debug|Any CPU
		Release|Any CPU = Release|Any CPU
	EndGlobalSection
	GlobalSection(ProjectConfigurationPlatforms) = postSolution
		{BC0F1C6D-31B2-4300-9BD9-2F4ED1E7B3DB}.Debug|Any CPU.ActiveCfg = Debug|Any CPU
		{BC0F1C6D-31B2-4300-9BD9-2F4ED1E7B3DB}.Debug|Any CPU.Build.0 = Debug|Any CPU
		{BC0F1C6D-31B2-4300-9BD9-2F4ED1E7B3DB}.Release|Any CPU.ActiveCfg = Release|Any CPU
		{BC0F1C6D-31B2-4300-9BD9-2F4ED1E7B3DB}.Release|Any CPU.Build.0 = Release|Any CPU
	EndGlobalSection
	GlobalSection(SolutionProperties) = preSolution
		HideSolutionNode = FALSE
	EndGlobalSection
	GlobalSection(ExtensibilityGlobals) = postSolution
		SolutionGuid = {DAF8DDAD-EC3B-4D86-A88D-8EF0A28B5877}
	EndGlobalSection
EndGlobal
