
Microsoft Visual Studio Solution File, Format Version 12.00
# Visual Studio 15
VisualStudioVersion = 15.0.28307.779
MinimumVisualStudioVersion = 10.0.40219.1
Project("{FAE04EC0-301F-11D3-BF4B-00C04F79EFBC}") = "Usadll", "Usadll\Usadll.csproj", "{338448FB-E256-402C-9DE4-566519EF018D}"
EndProject
Global
	GlobalSection(SolutionConfigurationPlatforms) = preSolution
		Debug|Any CPU = Debug|Any CPU
		Release|Any CPU = Release|Any CPU
	EndGlobalSection
	GlobalSection(ProjectConfigurationPlatforms) = postSolution
		{338448FB-E256-402C-9DE4-566519EF018D}.Debug|Any CPU.ActiveCfg = Debug|Any CPU
		{338448FB-E256-402C-9DE4-566519EF018D}.Debug|Any CPU.Build.0 = Debug|Any CPU
		{338448FB-E256-402C-9DE4-566519EF018D}.Release|Any CPU.ActiveCfg = Release|Any CPU
		{338448FB-E256-402C-9DE4-566519EF018D}.Release|Any CPU.Build.0 = Release|Any CPU
	EndGlobalSection
	GlobalSection(SolutionProperties) = preSolution
		HideSolutionNode = FALSE
	EndGlobalSection
	GlobalSection(ExtensibilityGlobals) = postSolution
		SolutionGuid = {C4469683-71A8-498E-A5D2-F1969ADFE9F5}
	EndGlobalSection
EndGlobal
