
Microsoft Visual Studio Solution File, Format Version 12.00
# Visual Studio 15
VisualStudioVersion = 15.0.28307.329
MinimumVisualStudioVersion = 10.0.40219.1
Project("{FAE04EC0-301F-11D3-BF4B-00C04F79EFBC}") = "Exemplo4", "Exemplo4\Exemplo4.csproj", "{81D36D2D-386A-4399-9992-93655879CA9E}"
EndProject
Global
	GlobalSection(SolutionConfigurationPlatforms) = preSolution
		Debug|Any CPU = Debug|Any CPU
		Release|Any CPU = Release|Any CPU
	EndGlobalSection
	GlobalSection(ProjectConfigurationPlatforms) = postSolution
		{81D36D2D-386A-4399-9992-93655879CA9E}.Debug|Any CPU.ActiveCfg = Debug|Any CPU
		{81D36D2D-386A-4399-9992-93655879CA9E}.Debug|Any CPU.Build.0 = Debug|Any CPU
		{81D36D2D-386A-4399-9992-93655879CA9E}.Release|Any CPU.ActiveCfg = Release|Any CPU
		{81D36D2D-386A-4399-9992-93655879CA9E}.Release|Any CPU.Build.0 = Release|Any CPU
	EndGlobalSection
	GlobalSection(SolutionProperties) = preSolution
		HideSolutionNode = FALSE
	EndGlobalSection
	GlobalSection(ExtensibilityGlobals) = postSolution
		SolutionGuid = {9445B34E-C01C-45B5-8DAF-280A957581FE}
	EndGlobalSection
EndGlobal
