
Microsoft Visual Studio Solution File, Format Version 12.00
# Visual Studio 15
VisualStudioVersion = 15.0.28307.329
MinimumVisualStudioVersion = 10.0.40219.1
Project("{FAE04EC0-301F-11D3-BF4B-00C04F79EFBC}") = "R07_07", "R07_07\R07_07.csproj", "{BE6CFBDF-E51E-4F32-8FA3-8E9E9683D144}"
EndProject
Global
	GlobalSection(SolutionConfigurationPlatforms) = preSolution
		Debug|Any CPU = Debug|Any CPU
		Release|Any CPU = Release|Any CPU
	EndGlobalSection
	GlobalSection(ProjectConfigurationPlatforms) = postSolution
		{BE6CFBDF-E51E-4F32-8FA3-8E9E9683D144}.Debug|Any CPU.ActiveCfg = Debug|Any CPU
		{BE6CFBDF-E51E-4F32-8FA3-8E9E9683D144}.Debug|Any CPU.Build.0 = Debug|Any CPU
		{BE6CFBDF-E51E-4F32-8FA3-8E9E9683D144}.Release|Any CPU.ActiveCfg = Release|Any CPU
		{BE6CFBDF-E51E-4F32-8FA3-8E9E9683D144}.Release|Any CPU.Build.0 = Release|Any CPU
	EndGlobalSection
	GlobalSection(SolutionProperties) = preSolution
		HideSolutionNode = FALSE
	EndGlobalSection
	GlobalSection(ExtensibilityGlobals) = postSolution
		SolutionGuid = {19F7711A-A4EA-4F10-B9B1-C9A271E25445}
	EndGlobalSection
EndGlobal
