
Microsoft Visual Studio Solution File, Format Version 12.00
# Visual Studio 15
VisualStudioVersion = 15.0.28307.329
MinimumVisualStudioVersion = 10.0.40219.1
Project("{FAE04EC0-301F-11D3-BF4B-00C04F79EFBC}") = "R05_03", "R05_03\R05_03.csproj", "{112078C6-AE70-4B28-8726-9297B9B0E450}"
EndProject
Global
	GlobalSection(SolutionConfigurationPlatforms) = preSolution
		Debug|Any CPU = Debug|Any CPU
		Release|Any CPU = Release|Any CPU
	EndGlobalSection
	GlobalSection(ProjectConfigurationPlatforms) = postSolution
		{112078C6-AE70-4B28-8726-9297B9B0E450}.Debug|Any CPU.ActiveCfg = Debug|Any CPU
		{112078C6-AE70-4B28-8726-9297B9B0E450}.Debug|Any CPU.Build.0 = Debug|Any CPU
		{112078C6-AE70-4B28-8726-9297B9B0E450}.Release|Any CPU.ActiveCfg = Release|Any CPU
		{112078C6-AE70-4B28-8726-9297B9B0E450}.Release|Any CPU.Build.0 = Release|Any CPU
	EndGlobalSection
	GlobalSection(SolutionProperties) = preSolution
		HideSolutionNode = FALSE
	EndGlobalSection
	GlobalSection(ExtensibilityGlobals) = postSolution
		SolutionGuid = {7662F5E3-707F-4E43-AEBD-C873FA8F94C3}
	EndGlobalSection
EndGlobal
