
Microsoft Visual Studio Solution File, Format Version 12.00
# Visual Studio 15
VisualStudioVersion = 15.0.28307.421
MinimumVisualStudioVersion = 10.0.40219.1
Project("{FAE04EC0-301F-11D3-BF4B-00C04F79EFBC}") = "Filas2", "Filas2\Filas2.csproj", "{5144A7CA-3E45-4794-9C55-4B866052F8D8}"
EndProject
Global
	GlobalSection(SolutionConfigurationPlatforms) = preSolution
		Debug|Any CPU = Debug|Any CPU
		Release|Any CPU = Release|Any CPU
	EndGlobalSection
	GlobalSection(ProjectConfigurationPlatforms) = postSolution
		{5144A7CA-3E45-4794-9C55-4B866052F8D8}.Debug|Any CPU.ActiveCfg = Debug|Any CPU
		{5144A7CA-3E45-4794-9C55-4B866052F8D8}.Debug|Any CPU.Build.0 = Debug|Any CPU
		{5144A7CA-3E45-4794-9C55-4B866052F8D8}.Release|Any CPU.ActiveCfg = Release|Any CPU
		{5144A7CA-3E45-4794-9C55-4B866052F8D8}.Release|Any CPU.Build.0 = Release|Any CPU
	EndGlobalSection
	GlobalSection(SolutionProperties) = preSolution
		HideSolutionNode = FALSE
	EndGlobalSection
	GlobalSection(ExtensibilityGlobals) = postSolution
		SolutionGuid = {C367F83A-098A-413D-A685-A16D488AE795}
	EndGlobalSection
EndGlobal
