
Microsoft Visual Studio Solution File, Format Version 12.00
# Visual Studio 15
VisualStudioVersion = 15.0.28307.329
MinimumVisualStudioVersion = 10.0.40219.1
Project("{FAE04EC0-301F-11D3-BF4B-00C04F79EFBC}") = "R02_exercicio05", "R02_exercicio05\R02_exercicio05.csproj", "{B82FA946-C5BB-45FD-97F8-CE7B0E6E4217}"
EndProject
Global
	GlobalSection(SolutionConfigurationPlatforms) = preSolution
		Debug|Any CPU = Debug|Any CPU
		Release|Any CPU = Release|Any CPU
	EndGlobalSection
	GlobalSection(ProjectConfigurationPlatforms) = postSolution
		{B82FA946-C5BB-45FD-97F8-CE7B0E6E4217}.Debug|Any CPU.ActiveCfg = Debug|Any CPU
		{B82FA946-C5BB-45FD-97F8-CE7B0E6E4217}.Debug|Any CPU.Build.0 = Debug|Any CPU
		{B82FA946-C5BB-45FD-97F8-CE7B0E6E4217}.Release|Any CPU.ActiveCfg = Release|Any CPU
		{B82FA946-C5BB-45FD-97F8-CE7B0E6E4217}.Release|Any CPU.Build.0 = Release|Any CPU
	EndGlobalSection
	GlobalSection(SolutionProperties) = preSolution
		HideSolutionNode = FALSE
	EndGlobalSection
	GlobalSection(ExtensibilityGlobals) = postSolution
		SolutionGuid = {B3EC33C1-32EB-43A5-89AF-A14DED86BF69}
	EndGlobalSection
EndGlobal
